
Microsoft Visual Studio Solution File, Format Version 12.00
# Visual Studio Version 16
VisualStudioVersion = 16.0.30907.101
MinimumVisualStudioVersion = 10.0.40219.1
Project("{FAE04EC0-301F-11D3-BF4B-00C04F79EFBC}") = "Proyecto", "Proyecto\Proyecto.csproj", "{D0B265EC-3D4C-4FA1-A02B-874A203089D0}"
EndProject
Global
	GlobalSection(SolutionConfigurationPlatforms) = preSolution
		Debug|Any CPU = Debug|Any CPU
		Release|Any CPU = Release|Any CPU
	EndGlobalSection
	GlobalSection(ProjectConfigurationPlatforms) = postSolution
		{D0B265EC-3D4C-4FA1-A02B-874A203089D0}.Debug|Any CPU.ActiveCfg = Debug|Any CPU
		{D0B265EC-3D4C-4FA1-A02B-874A203089D0}.Debug|Any CPU.Build.0 = Debug|Any CPU
		{D0B265EC-3D4C-4FA1-A02B-874A203089D0}.Release|Any CPU.ActiveCfg = Release|Any CPU
		{D0B265EC-3D4C-4FA1-A02B-874A203089D0}.Release|Any CPU.Build.0 = Release|Any CPU
	EndGlobalSection
	GlobalSection(SolutionProperties) = preSolution
		HideSolutionNode = FALSE
	EndGlobalSection
	GlobalSection(ExtensibilityGlobals) = postSolution
		SolutionGuid = {8B6284C2-E462-4D29-88A4-4C19FB25CBF7}
	EndGlobalSection
EndGlobal
